// !$*UTF8*$!
{
	archiveVersion = 1;
	classes = {
	};
	objectVersion = 46;
	objects = {

/* Begin PBXBuildFile section */
		B16CF8CEF2FD7ABFC665BE8E /* Pods_YeeNewsChannel.framework in Frameworks */ = {isa = PBXBuildFile; fileRef = B2B07AA245CF17C2823BC2EF /* Pods_YeeNewsChannel.framework */; };
		CD0B98341E4C59B000D3E247 /* main.m in Sources */ = {isa = PBXBuildFile; fileRef = CD0B98331E4C59B000D3E247 /* main.m */; };
		CD0B98371E4C59B000D3E247 /* AppDelegate.m in Sources */ = {isa = PBXBuildFile; fileRef = CD0B98361E4C59B000D3E247 /* AppDelegate.m */; };
		CD0B983F1E4C59B000D3E247 /* Assets.xcassets in Resources */ = {isa = PBXBuildFile; fileRef = CD0B983E1E4C59B000D3E247 /* Assets.xcassets */; };
		CD0B984D1E4C59B000D3E247 /* YeeNewsChannelTests.m in Sources */ = {isa = PBXBuildFile; fileRef = CD0B984C1E4C59B000D3E247 /* YeeNewsChannelTests.m */; };
		CD0B98581E4C59B000D3E247 /* YeeNewsChannelUITests.m in Sources */ = {isa = PBXBuildFile; fileRef = CD0B98571E4C59B000D3E247 /* YeeNewsChannelUITests.m */; };
		CD0B98771E4C61EB00D3E247 /* UIColor+expanded.m in Sources */ = {isa = PBXBuildFile; fileRef = CD0B98711E4C61EB00D3E247 /* UIColor+expanded.m */; };
		CD0B98781E4C61EB00D3E247 /* UIColor+MLPFlatColors.m in Sources */ = {isa = PBXBuildFile; fileRef = CD0B98731E4C61EB00D3E247 /* UIColor+MLPFlatColors.m */; };
		CD0B98791E4C61EB00D3E247 /* UIView+YeeFrameExt.m in Sources */ = {isa = PBXBuildFile; fileRef = CD0B98761E4C61EB00D3E247 /* UIView+YeeFrameExt.m */; };
		CD0B98821E4C63EE00D3E247 /* YeeChannelViewController.m in Sources */ = {isa = PBXBuildFile; fileRef = CD0B98811E4C63EE00D3E247 /* YeeChannelViewController.m */; };
		CD0B98851E4C66A400D3E247 /* YeeBaseModel.m in Sources */ = {isa = PBXBuildFile; fileRef = CD0B98841E4C66A400D3E247 /* YeeBaseModel.m */; };
		CD0B98881E4C688F00D3E247 /* YeeChannelModel.m in Sources */ = {isa = PBXBuildFile; fileRef = CD0B98871E4C688F00D3E247 /* YeeChannelModel.m */; };
		CD0B98951E4C698400D3E247 /* LMArrow.m in Sources */ = {isa = PBXBuildFile; fileRef = CD0B988B1E4C698400D3E247 /* LMArrow.m */; };
		CD0B98961E4C698400D3E247 /* LMListBar.m in Sources */ = {isa = PBXBuildFile; fileRef = CD0B988D1E4C698400D3E247 /* LMListBar.m */; };
		CD0B98971E4C698400D3E247 /* LMListItem.m in Sources */ = {isa = PBXBuildFile; fileRef = CD0B988F1E4C698400D3E247 /* LMListItem.m */; };
		CD0B98981E4C698400D3E247 /* YeeDetailsListView.m in Sources */ = {isa = PBXBuildFile; fileRef = CD0B98911E4C698400D3E247 /* YeeDetailsListView.m */; };
		CD0B98991E4C698400D3E247 /* YeeNavButton.m in Sources */ = {isa = PBXBuildFile; fileRef = CD0B98941E4C698400D3E247 /* YeeNavButton.m */; };
		CD0B989C1E4C6F3700D3E247 /* CustomTableView.m in Sources */ = {isa = PBXBuildFile; fileRef = CD0B989B1E4C6F3700D3E247 /* CustomTableView.m */; };
/* End PBXBuildFile section */

/* Begin PBXContainerItemProxy section */
		CD0B98491E4C59B000D3E247 /* PBXContainerItemProxy */ = {
			isa = PBXContainerItemProxy;
			containerPortal = CD0B98271E4C59B000D3E247 /* Project object */;
			proxyType = 1;
			remoteGlobalIDString = CD0B982E1E4C59B000D3E247;
			remoteInfo = YeeNewsChannel;
		};
		CD0B98541E4C59B000D3E247 /* PBXContainerItemProxy */ = {
			isa = PBXContainerItemProxy;
			containerPortal = CD0B98271E4C59B000D3E247 /* Project object */;
			proxyType = 1;
			remoteGlobalIDString = CD0B982E1E4C59B000D3E247;
			remoteInfo = YeeNewsChannel;
		};
/* End PBXContainerItemProxy section */

/* Begin PBXFileReference section */
		438A3FDBBB95E849D5890982 /* Pods-YeeNewsChannel.release.xcconfig */ = {isa = PBXFileReference; includeInIndex = 1; lastKnownFileType = text.xcconfig; name = "Pods-YeeNewsChannel.release.xcconfig"; path = "Pods/Target Support Files/Pods-YeeNewsChannel/Pods-YeeNewsChannel.release.xcconfig"; sourceTree = "<group>"; };
		986FE33C7882611DD90ABD7D /* Pods-YeeNewsChannel.debug.xcconfig */ = {isa = PBXFileReference; includeInIndex = 1; lastKnownFileType = text.xcconfig; name = "Pods-YeeNewsChannel.debug.xcconfig"; path = "Pods/Target Support Files/Pods-YeeNewsChannel/Pods-YeeNewsChannel.debug.xcconfig"; sourceTree = "<group>"; };
		B2B07AA245CF17C2823BC2EF /* Pods_YeeNewsChannel.framework */ = {isa = PBXFileReference; explicitFileType = wrapper.framework; includeInIndex = 0; path = Pods_YeeNewsChannel.framework; sourceTree = BUILT_PRODUCTS_DIR; };
		CD0B982F1E4C59B000D3E247 /* YeeNewsChannel.app */ = {isa = PBXFileReference; explicitFileType = wrapper.application; includeInIndex = 0; path = YeeNewsChannel.app; sourceTree = BUILT_PRODUCTS_DIR; };
		CD0B98331E4C59B000D3E247 /* main.m */ = {isa = PBXFileReference; lastKnownFileType = sourcecode.c.objc; path = main.m; sourceTree = "<group>"; };
		CD0B98351E4C59B000D3E247 /* AppDelegate.h */ = {isa = PBXFileReference; lastKnownFileType = sourcecode.c.h; path = AppDelegate.h; sourceTree = "<group>"; };
		CD0B98361E4C59B000D3E247 /* AppDelegate.m */ = {isa = PBXFileReference; lastKnownFileType = sourcecode.c.objc; path = AppDelegate.m; sourceTree = "<group>"; };
		CD0B983E1E4C59B000D3E247 /* Assets.xcassets */ = {isa = PBXFileReference; lastKnownFileType = folder.assetcatalog; path = Assets.xcassets; sourceTree = "<group>"; };
		CD0B98431E4C59B000D3E247 /* Info.plist */ = {isa = PBXFileReference; lastKnownFileType = text.plist.xml; path = Info.plist; sourceTree = "<group>"; };
		CD0B98481E4C59B000D3E247 /* YeeNewsChannelTests.xctest */ = {isa = PBXFileReference; explicitFileType = wrapper.cfbundle; includeInIndex = 0; path = YeeNewsChannelTests.xctest; sourceTree = BUILT_PRODUCTS_DIR; };
		CD0B984C1E4C59B000D3E247 /* YeeNewsChannelTests.m */ = {isa = PBXFileReference; lastKnownFileType = sourcecode.c.objc; path = YeeNewsChannelTests.m; sourceTree = "<group>"; };
		CD0B984E1E4C59B000D3E247 /* Info.plist */ = {isa = PBXFileReference; lastKnownFileType = text.plist.xml; path = Info.plist; sourceTree = "<group>"; };
		CD0B98531E4C59B000D3E247 /* YeeNewsChannelUITests.xctest */ = {isa = PBXFileReference; explicitFileType = wrapper.cfbundle; includeInIndex = 0; path = YeeNewsChannelUITests.xctest; sourceTree = BUILT_PRODUCTS_DIR; };
		CD0B98571E4C59B000D3E247 /* YeeNewsChannelUITests.m */ = {isa = PBXFileReference; lastKnownFileType = sourcecode.c.objc; path = YeeNewsChannelUITests.m; sourceTree = "<group>"; };
		CD0B98591E4C59B000D3E247 /* Info.plist */ = {isa = PBXFileReference; lastKnownFileType = text.plist.xml; path = Info.plist; sourceTree = "<group>"; };
		CD0B98661E4C5EDE00D3E247 /* PrefixHeader.pch */ = {isa = PBXFileReference; lastKnownFileType = sourcecode.c.h; path = PrefixHeader.pch; sourceTree = "<group>"; };
		CD0B98691E4C5F7600D3E247 /* YeeMacHeader.h */ = {isa = PBXFileReference; lastKnownFileType = sourcecode.c.h; path = YeeMacHeader.h; sourceTree = "<group>"; };
		CD0B986F1E4C61EB00D3E247 /* ColorMacro.h */ = {isa = PBXFileReference; fileEncoding = 4; lastKnownFileType = sourcecode.c.h; path = ColorMacro.h; sourceTree = "<group>"; };
		CD0B98701E4C61EB00D3E247 /* UIColor+expanded.h */ = {isa = PBXFileReference; fileEncoding = 4; lastKnownFileType = sourcecode.c.h; path = "UIColor+expanded.h"; sourceTree = "<group>"; };
		CD0B98711E4C61EB00D3E247 /* UIColor+expanded.m */ = {isa = PBXFileReference; fileEncoding = 4; lastKnownFileType = sourcecode.c.objc; path = "UIColor+expanded.m"; sourceTree = "<group>"; };
		CD0B98721E4C61EB00D3E247 /* UIColor+MLPFlatColors.h */ = {isa = PBXFileReference; fileEncoding = 4; lastKnownFileType = sourcecode.c.h; path = "UIColor+MLPFlatColors.h"; sourceTree = "<group>"; };
		CD0B98731E4C61EB00D3E247 /* UIColor+MLPFlatColors.m */ = {isa = PBXFileReference; fileEncoding = 4; lastKnownFileType = sourcecode.c.objc; path = "UIColor+MLPFlatColors.m"; sourceTree = "<group>"; };
		CD0B98751E4C61EB00D3E247 /* UIView+YeeFrameExt.h */ = {isa = PBXFileReference; fileEncoding = 4; lastKnownFileType = sourcecode.c.h; path = "UIView+YeeFrameExt.h"; sourceTree = "<group>"; };
		CD0B98761E4C61EB00D3E247 /* UIView+YeeFrameExt.m */ = {isa = PBXFileReference; fileEncoding = 4; lastKnownFileType = sourcecode.c.objc; path = "UIView+YeeFrameExt.m"; sourceTree = "<group>"; };
		CD0B987A1E4C622100D3E247 /* YeeColorHeader.h */ = {isa = PBXFileReference; lastKnownFileType = sourcecode.c.h; path = YeeColorHeader.h; sourceTree = "<group>"; };
		CD0B987B1E4C626A00D3E247 /* YeeFontHeader.h */ = {isa = PBXFileReference; lastKnownFileType = sourcecode.c.h; path = YeeFontHeader.h; sourceTree = "<group>"; };
		CD0B98801E4C63EE00D3E247 /* YeeChannelViewController.h */ = {isa = PBXFileReference; fileEncoding = 4; lastKnownFileType = sourcecode.c.h; path = YeeChannelViewController.h; sourceTree = "<group>"; };
		CD0B98811E4C63EE00D3E247 /* YeeChannelViewController.m */ = {isa = PBXFileReference; fileEncoding = 4; lastKnownFileType = sourcecode.c.objc; path = YeeChannelViewController.m; sourceTree = "<group>"; };
		CD0B98831E4C66A400D3E247 /* YeeBaseModel.h */ = {isa = PBXFileReference; fileEncoding = 4; lastKnownFileType = sourcecode.c.h; path = YeeBaseModel.h; sourceTree = "<group>"; };
		CD0B98841E4C66A400D3E247 /* YeeBaseModel.m */ = {isa = PBXFileReference; fileEncoding = 4; lastKnownFileType = sourcecode.c.objc; path = YeeBaseModel.m; sourceTree = "<group>"; };
		CD0B98861E4C688F00D3E247 /* YeeChannelModel.h */ = {isa = PBXFileReference; fileEncoding = 4; lastKnownFileType = sourcecode.c.h; path = YeeChannelModel.h; sourceTree = "<group>"; };
		CD0B98871E4C688F00D3E247 /* YeeChannelModel.m */ = {isa = PBXFileReference; fileEncoding = 4; lastKnownFileType = sourcecode.c.objc; path = YeeChannelModel.m; sourceTree = "<group>"; };
		CD0B988A1E4C698400D3E247 /* LMArrow.h */ = {isa = PBXFileReference; fileEncoding = 4; lastKnownFileType = sourcecode.c.h; path = LMArrow.h; sourceTree = "<group>"; };
		CD0B988B1E4C698400D3E247 /* LMArrow.m */ = {isa = PBXFileReference; fileEncoding = 4; lastKnownFileType = sourcecode.c.objc; path = LMArrow.m; sourceTree = "<group>"; };
		CD0B988C1E4C698400D3E247 /* LMListBar.h */ = {isa = PBXFileReference; fileEncoding = 4; lastKnownFileType = sourcecode.c.h; path = LMListBar.h; sourceTree = "<group>"; };
		CD0B988D1E4C698400D3E247 /* LMListBar.m */ = {isa = PBXFileReference; fileEncoding = 4; lastKnownFileType = sourcecode.c.objc; path = LMListBar.m; sourceTree = "<group>"; };
		CD0B988E1E4C698400D3E247 /* LMListItem.h */ = {isa = PBXFileReference; fileEncoding = 4; lastKnownFileType = sourcecode.c.h; path = LMListItem.h; sourceTree = "<group>"; };
		CD0B988F1E4C698400D3E247 /* LMListItem.m */ = {isa = PBXFileReference; fileEncoding = 4; lastKnownFileType = sourcecode.c.objc; path = LMListItem.m; sourceTree = "<group>"; };
		CD0B98901E4C698400D3E247 /* YeeDetailsListView.h */ = {isa = PBXFileReference; fileEncoding = 4; lastKnownFileType = sourcecode.c.h; path = YeeDetailsListView.h; sourceTree = "<group>"; };
		CD0B98911E4C698400D3E247 /* YeeDetailsListView.m */ = {isa = PBXFileReference; fileEncoding = 4; lastKnownFileType = sourcecode.c.objc; path = YeeDetailsListView.m; sourceTree = "<group>"; };
		CD0B98921E4C698400D3E247 /* YeeHomeNavHeader.h */ = {isa = PBXFileReference; fileEncoding = 4; lastKnownFileType = sourcecode.c.h; path = YeeHomeNavHeader.h; sourceTree = "<group>"; };
		CD0B98931E4C698400D3E247 /* YeeNavButton.h */ = {isa = PBXFileReference; fileEncoding = 4; lastKnownFileType = sourcecode.c.h; path = YeeNavButton.h; sourceTree = "<group>"; };
		CD0B98941E4C698400D3E247 /* YeeNavButton.m */ = {isa = PBXFileReference; fileEncoding = 4; lastKnownFileType = sourcecode.c.objc; path = YeeNavButton.m; sourceTree = "<group>"; };
		CD0B989A1E4C6F3700D3E247 /* CustomTableView.h */ = {isa = PBXFileReference; fileEncoding = 4; lastKnownFileType = sourcecode.c.h; path = CustomTableView.h; sourceTree = "<group>"; };
		CD0B989B1E4C6F3700D3E247 /* CustomTableView.m */ = {isa = PBXFileReference; fileEncoding = 4; lastKnownFileType = sourcecode.c.objc; path = CustomTableView.m; sourceTree = "<group>"; };
/* End PBXFileReference section */

/* Begin PBXFrameworksBuildPhase section */
		CD0B982C1E4C59B000D3E247 /* Frameworks */ = {
			isa = PBXFrameworksBuildPhase;
			buildActionMask = 2147483647;
			files = (
				B16CF8CEF2FD7ABFC665BE8E /* Pods_YeeNewsChannel.framework in Frameworks */,
			);
			runOnlyForDeploymentPostprocessing = 0;
		};
		CD0B98451E4C59B000D3E247 /* Frameworks */ = {
			isa = PBXFrameworksBuildPhase;
			buildActionMask = 2147483647;
			files = (
			);
			runOnlyForDeploymentPostprocessing = 0;
		};
		CD0B98501E4C59B000D3E247 /* Frameworks */ = {
			isa = PBXFrameworksBuildPhase;
			buildActionMask = 2147483647;
			files = (
			);
			runOnlyForDeploymentPostprocessing = 0;
		};
/* End PBXFrameworksBuildPhase section */

/* Begin PBXGroup section */
		02A434F4E4F5DCB210C7E772 /* Frameworks */ = {
			isa = PBXGroup;
			children = (
				B2B07AA245CF17C2823BC2EF /* Pods_YeeNewsChannel.framework */,
			);
			name = Frameworks;
			sourceTree = "<group>";
		};
		4A050026E362F234A469347F /* Pods */ = {
			isa = PBXGroup;
			children = (
				986FE33C7882611DD90ABD7D /* Pods-YeeNewsChannel.debug.xcconfig */,
				438A3FDBBB95E849D5890982 /* Pods-YeeNewsChannel.release.xcconfig */,
			);
			name = Pods;
			sourceTree = "<group>";
		};
		CD0B98261E4C59B000D3E247 = {
			isa = PBXGroup;
			children = (
				CD0B98311E4C59B000D3E247 /* YeeNewsChannel */,
				CD0B984B1E4C59B000D3E247 /* YeeNewsChannelTests */,
				CD0B98561E4C59B000D3E247 /* YeeNewsChannelUITests */,
				CD0B98301E4C59B000D3E247 /* Products */,
				4A050026E362F234A469347F /* Pods */,
				02A434F4E4F5DCB210C7E772 /* Frameworks */,
			);
			sourceTree = "<group>";
		};
		CD0B98301E4C59B000D3E247 /* Products */ = {
			isa = PBXGroup;
			children = (
				CD0B982F1E4C59B000D3E247 /* YeeNewsChannel.app */,
				CD0B98481E4C59B000D3E247 /* YeeNewsChannelTests.xctest */,
				CD0B98531E4C59B000D3E247 /* YeeNewsChannelUITests.xctest */,
			);
			name = Products;
			sourceTree = "<group>";
		};
		CD0B98311E4C59B000D3E247 /* YeeNewsChannel */ = {
			isa = PBXGroup;
			children = (
				CD0B98671E4C5F6800D3E247 /* YeeChannelClass */,
				CD0B987C1E4C62C800D3E247 /* YeeLib */,
				CD0B986A1E4C611900D3E247 /* YeeCategory */,
				CD0B98681E4C5F6800D3E247 /* YeeHeader */,
				CD0B98661E4C5EDE00D3E247 /* PrefixHeader.pch */,
				CD0B98351E4C59B000D3E247 /* AppDelegate.h */,
				CD0B98361E4C59B000D3E247 /* AppDelegate.m */,
				CD0B983E1E4C59B000D3E247 /* Assets.xcassets */,
				CD0B98431E4C59B000D3E247 /* Info.plist */,
				CD0B98321E4C59B000D3E247 /* Supporting Files */,
			);
			path = YeeNewsChannel;
			sourceTree = "<group>";
		};
		CD0B98321E4C59B000D3E247 /* Supporting Files */ = {
			isa = PBXGroup;
			children = (
				CD0B98331E4C59B000D3E247 /* main.m */,
			);
			name = "Supporting Files";
			sourceTree = "<group>";
		};
		CD0B984B1E4C59B000D3E247 /* YeeNewsChannelTests */ = {
			isa = PBXGroup;
			children = (
				CD0B984C1E4C59B000D3E247 /* YeeNewsChannelTests.m */,
				CD0B984E1E4C59B000D3E247 /* Info.plist */,
			);
			path = YeeNewsChannelTests;
			sourceTree = "<group>";
		};
		CD0B98561E4C59B000D3E247 /* YeeNewsChannelUITests */ = {
			isa = PBXGroup;
			children = (
				CD0B98571E4C59B000D3E247 /* YeeNewsChannelUITests.m */,
				CD0B98591E4C59B000D3E247 /* Info.plist */,
			);
			path = YeeNewsChannelUITests;
			sourceTree = "<group>";
		};
		CD0B98671E4C5F6800D3E247 /* YeeChannelClass */ = {
			isa = PBXGroup;
			children = (
				CD0B987D1E4C63C600D3E247 /* YeeControllerVc */,
				CD0B987E1E4C63C600D3E247 /* YeeModel */,
				CD0B987F1E4C63C600D3E247 /* YeeView */,
			);
			path = YeeChannelClass;
			sourceTree = "<group>";
		};
		CD0B98681E4C5F6800D3E247 /* YeeHeader */ = {
			isa = PBXGroup;
			children = (
				CD0B98691E4C5F7600D3E247 /* YeeMacHeader.h */,
				CD0B987A1E4C622100D3E247 /* YeeColorHeader.h */,
				CD0B987B1E4C626A00D3E247 /* YeeFontHeader.h */,
			);
			path = YeeHeader;
			sourceTree = "<group>";
		};
		CD0B986A1E4C611900D3E247 /* YeeCategory */ = {
			isa = PBXGroup;
			children = (
				CD0B986E1E4C61EB00D3E247 /* UIColor */,
				CD0B98741E4C61EB00D3E247 /* UIView */,
			);
			path = YeeCategory;
			sourceTree = "<group>";
		};
		CD0B986E1E4C61EB00D3E247 /* UIColor */ = {
			isa = PBXGroup;
			children = (
				CD0B986F1E4C61EB00D3E247 /* ColorMacro.h */,
				CD0B98701E4C61EB00D3E247 /* UIColor+expanded.h */,
				CD0B98711E4C61EB00D3E247 /* UIColor+expanded.m */,
				CD0B98721E4C61EB00D3E247 /* UIColor+MLPFlatColors.h */,
				CD0B98731E4C61EB00D3E247 /* UIColor+MLPFlatColors.m */,
			);
			path = UIColor;
			sourceTree = "<group>";
		};
		CD0B98741E4C61EB00D3E247 /* UIView */ = {
			isa = PBXGroup;
			children = (
				CD0B98751E4C61EB00D3E247 /* UIView+YeeFrameExt.h */,
				CD0B98761E4C61EB00D3E247 /* UIView+YeeFrameExt.m */,
			);
			path = UIView;
			sourceTree = "<group>";
		};
		CD0B987C1E4C62C800D3E247 /* YeeLib */ = {
			isa = PBXGroup;
			children = (
			);
			path = YeeLib;
			sourceTree = "<group>";
		};
		CD0B987D1E4C63C600D3E247 /* YeeControllerVc */ = {
			isa = PBXGroup;
			children = (
				CD0B98801E4C63EE00D3E247 /* YeeChannelViewController.h */,
				CD0B98811E4C63EE00D3E247 /* YeeChannelViewController.m */,
			);
			path = YeeControllerVc;
			sourceTree = "<group>";
		};
		CD0B987E1E4C63C600D3E247 /* YeeModel */ = {
			isa = PBXGroup;
			children = (
				CD0B98861E4C688F00D3E247 /* YeeChannelModel.h */,
				CD0B98871E4C688F00D3E247 /* YeeChannelModel.m */,
				CD0B98831E4C66A400D3E247 /* YeeBaseModel.h */,
				CD0B98841E4C66A400D3E247 /* YeeBaseModel.m */,
			);
			path = YeeModel;
			sourceTree = "<group>";
		};
		CD0B987F1E4C63C600D3E247 /* YeeView */ = {
			isa = PBXGroup;
			children = (
				CD0B989A1E4C6F3700D3E247 /* CustomTableView.h */,
				CD0B989B1E4C6F3700D3E247 /* CustomTableView.m */,
				CD0B98891E4C698400D3E247 /* YeeNavHeader */,
			);
			path = YeeView;
			sourceTree = "<group>";
		};
		CD0B98891E4C698400D3E247 /* YeeNavHeader */ = {
			isa = PBXGroup;
			children = (
				CD0B988A1E4C698400D3E247 /* LMArrow.h */,
				CD0B988B1E4C698400D3E247 /* LMArrow.m */,
				CD0B988C1E4C698400D3E247 /* LMListBar.h */,
				CD0B988D1E4C698400D3E247 /* LMListBar.m */,
				CD0B988E1E4C698400D3E247 /* LMListItem.h */,
				CD0B988F1E4C698400D3E247 /* LMListItem.m */,
				CD0B98901E4C698400D3E247 /* YeeDetailsListView.h */,
				CD0B98911E4C698400D3E247 /* YeeDetailsListView.m */,
				CD0B98921E4C698400D3E247 /* YeeHomeNavHeader.h */,
				CD0B98931E4C698400D3E247 /* YeeNavButton.h */,
				CD0B98941E4C698400D3E247 /* YeeNavButton.m */,
			);
			path = YeeNavHeader;
			sourceTree = "<group>";
		};
/* End PBXGroup section */

/* Begin PBXNativeTarget section */
		CD0B982E1E4C59B000D3E247 /* YeeNewsChannel */ = {
			isa = PBXNativeTarget;
			buildConfigurationList = CD0B985C1E4C59B000D3E247 /* Build configuration list for PBXNativeTarget "YeeNewsChannel" */;
			buildPhases = (
				B7E5642398B8F1B58FA6F4CB /* [CP] Check Pods Manifest.lock */,
				CD0B982B1E4C59B000D3E247 /* Sources */,
				CD0B982C1E4C59B000D3E247 /* Frameworks */,
				CD0B982D1E4C59B000D3E247 /* Resources */,
				188D038B79A7DEA86C600D52 /* [CP] Embed Pods Frameworks */,
				9913BD06399D75311B692E96 /* [CP] Copy Pods Resources */,
			);
			buildRules = (
			);
			dependencies = (
			);
			name = YeeNewsChannel;
			productName = YeeNewsChannel;
			productReference = CD0B982F1E4C59B000D3E247 /* YeeNewsChannel.app */;
			productType = "com.apple.product-type.application";
		};
		CD0B98471E4C59B000D3E247 /* YeeNewsChannelTests */ = {
			isa = PBXNativeTarget;
			buildConfigurationList = CD0B985F1E4C59B000D3E247 /* Build configuration list for PBXNativeTarget "YeeNewsChannelTests" */;
			buildPhases = (
				CD0B98441E4C59B000D3E247 /* Sources */,
				CD0B98451E4C59B000D3E247 /* Frameworks */,
				CD0B98461E4C59B000D3E247 /* Resources */,
			);
			buildRules = (
			);
			dependencies = (
				CD0B984A1E4C59B000D3E247 /* PBXTargetDependency */,
			);
			name = YeeNewsChannelTests;
			productName = YeeNewsChannelTests;
			productReference = CD0B98481E4C59B000D3E247 /* YeeNewsChannelTests.xctest */;
			productType = "com.apple.product-type.bundle.unit-test";
		};
		CD0B98521E4C59B000D3E247 /* YeeNewsChannelUITests */ = {
			isa = PBXNativeTarget;
			buildConfigurationList = CD0B98621E4C59B000D3E247 /* Build configuration list for PBXNativeTarget "YeeNewsChannelUITests" */;
			buildPhases = (
				CD0B984F1E4C59B000D3E247 /* Sources */,
				CD0B98501E4C59B000D3E247 /* Frameworks */,
				CD0B98511E4C59B000D3E247 /* Resources */,
			);
			buildRules = (
			);
			dependencies = (
				CD0B98551E4C59B000D3E247 /* PBXTargetDependency */,
			);
			name = YeeNewsChannelUITests;
			productName = YeeNewsChannelUITests;
			productReference = CD0B98531E4C59B000D3E247 /* YeeNewsChannelUITests.xctest */;
			productType = "com.apple.product-type.bundle.ui-testing";
		};
/* End PBXNativeTarget section */

/* Begin PBXProject section */
		CD0B98271E4C59B000D3E247 /* Project object */ = {
			isa = PBXProject;
			attributes = {
				LastUpgradeCheck = 0820;
				ORGANIZATIONNAME = CoderYee;
				TargetAttributes = {
					CD0B982E1E4C59B000D3E247 = {
						CreatedOnToolsVersion = 8.2;
						DevelopmentTeam = 34TTMZE623;
						ProvisioningStyle = Automatic;
					};
					CD0B98471E4C59B000D3E247 = {
						CreatedOnToolsVersion = 8.2;
						DevelopmentTeam = 34TTMZE623;
						ProvisioningStyle = Automatic;
						TestTargetID = CD0B982E1E4C59B000D3E247;
					};
					CD0B98521E4C59B000D3E247 = {
						CreatedOnToolsVersion = 8.2;
						DevelopmentTeam = 34TTMZE623;
						ProvisioningStyle = Automatic;
						TestTargetID = CD0B982E1E4C59B000D3E247;
					};
				};
			};
			buildConfigurationList = CD0B982A1E4C59B000D3E247 /* Build configuration list for PBXProject "YeeNewsChannel" */;
			compatibilityVersion = "Xcode 3.2";
			developmentRegion = English;
			hasScannedForEncodings = 0;
			knownRegions = (
				en,
				Base,
			);
			mainGroup = CD0B98261E4C59B000D3E247;
			productRefGroup = CD0B98301E4C59B000D3E247 /* Products */;
			projectDirPath = "";
			projectRoot = "";
			targets = (
				CD0B982E1E4C59B000D3E247 /* YeeNewsChannel */,
				CD0B98471E4C59B000D3E247 /* YeeNewsChannelTests */,
				CD0B98521E4C59B000D3E247 /* YeeNewsChannelUITests */,
			);
		};
/* End PBXProject section */

/* Begin PBXResourcesBuildPhase section */
		CD0B982D1E4C59B000D3E247 /* Resources */ = {
			isa = PBXResourcesBuildPhase;
			buildActionMask = 2147483647;
			files = (
				CD0B983F1E4C59B000D3E247 /* Assets.xcassets in Resources */,
			);
			runOnlyForDeploymentPostprocessing = 0;
		};
		CD0B98461E4C59B000D3E247 /* Resources */ = {
			isa = PBXResourcesBuildPhase;
			buildActionMask = 2147483647;
			files = (
			);
			runOnlyForDeploymentPostprocessing = 0;
		};
		CD0B98511E4C59B000D3E247 /* Resources */ = {
			isa = PBXResourcesBuildPhase;
			buildActionMask = 2147483647;
			files = (
			);
			runOnlyForDeploymentPostprocessing = 0;
		};
/* End PBXResourcesBuildPhase section */

/* Begin PBXShellScriptBuildPhase section */
		188D038B79A7DEA86C600D52 /* [CP] Embed Pods Frameworks */ = {
			isa = PBXShellScriptBuildPhase;
			buildActionMask = 2147483647;
			files = (
			);
			inputPaths = (
			);
			name = "[CP] Embed Pods Frameworks";
			outputPaths = (
			);
			runOnlyForDeploymentPostprocessing = 0;
			shellPath = /bin/sh;
			shellScript = "\"${SRCROOT}/Pods/Target Support Files/Pods-YeeNewsChannel/Pods-YeeNewsChannel-frameworks.sh\"\n";
			showEnvVarsInLog = 0;
		};
		9913BD06399D75311B692E96 /* [CP] Copy Pods Resources */ = {
			isa = PBXShellScriptBuildPhase;
			buildActionMask = 2147483647;
			files = (
			);
			inputPaths = (
			);
			name = "[CP] Copy Pods Resources";
			outputPaths = (
			);
			runOnlyForDeploymentPostprocessing = 0;
			shellPath = /bin/sh;
			shellScript = "\"${SRCROOT}/Pods/Target Support Files/Pods-YeeNewsChannel/Pods-YeeNewsChannel-resources.sh\"\n";
			showEnvVarsInLog = 0;
		};
		B7E5642398B8F1B58FA6F4CB /* [CP] Check Pods Manifest.lock */ = {
			isa = PBXShellScriptBuildPhase;
			buildActionMask = 2147483647;
			files = (
			);
			inputPaths = (
			);
			name = "[CP] Check Pods Manifest.lock";
			outputPaths = (
			);
			runOnlyForDeploymentPostprocessing = 0;
			shellPath = /bin/sh;
			shellScript = "diff \"${PODS_ROOT}/../Podfile.lock\" \"${PODS_ROOT}/Manifest.lock\" > /dev/null\nif [[ $? != 0 ]] ; then\n    cat << EOM\nerror: The sandbox is not in sync with the Podfile.lock. Run 'pod install' or update your CocoaPods installation.\nEOM\n    exit 1\nfi\n";
			showEnvVarsInLog = 0;
		};
/* End PBXShellScriptBuildPhase section */

/* Begin PBXSourcesBuildPhase section */
		CD0B982B1E4C59B000D3E247 /* Sources */ = {
			isa = PBXSourcesBuildPhase;
			buildActionMask = 2147483647;
			files = (
				CD0B98991E4C698400D3E247 /* YeeNavButton.m in Sources */,
				CD0B98971E4C698400D3E247 /* LMListItem.m in Sources */,
				CD0B98781E4C61EB00D3E247 /* UIColor+MLPFlatColors.m in Sources */,
				CD0B98881E4C688F00D3E247 /* YeeChannelModel.m in Sources */,
				CD0B98371E4C59B000D3E247 /* AppDelegate.m in Sources */,
				CD0B98851E4C66A400D3E247 /* YeeBaseModel.m in Sources */,
				CD0B98791E4C61EB00D3E247 /* UIView+YeeFrameExt.m in Sources */,
				CD0B98341E4C59B000D3E247 /* main.m in Sources */,
				CD0B98981E4C698400D3E247 /* YeeDetailsListView.m in Sources */,
				CD0B98961E4C698400D3E247 /* LMListBar.m in Sources */,
				CD0B98821E4C63EE00D3E247 /* YeeChannelViewController.m in Sources */,
				CD0B98951E4C698400D3E247 /* LMArrow.m in Sources */,
				CD0B989C1E4C6F3700D3E247 /* CustomTableView.m in Sources */,
				CD0B98771E4C61EB00D3E247 /* UIColor+expanded.m in Sources */,
			);
			runOnlyForDeploymentPostprocessing = 0;
		};
		CD0B98441E4C59B000D3E247 /* Sources */ = {
			isa = PBXSourcesBuildPhase;
			buildActionMask = 2147483647;
			files = (
				CD0B984D1E4C59B000D3E247 /* YeeNewsChannelTests.m in Sources */,
			);
			runOnlyForDeploymentPostprocessing = 0;
		};
		CD0B984F1E4C59B000D3E247 /* Sources */ = {
			isa = PBXSourcesBuildPhase;
			buildActionMask = 2147483647;
			files = (
				CD0B98581E4C59B000D3E247 /* YeeNewsChannelUITests.m in Sources */,
			);
			runOnlyForDeploymentPostprocessing = 0;
		};
/* End PBXSourcesBuildPhase section */

/* Begin PBXTargetDependency section */
		CD0B984A1E4C59B000D3E247 /* PBXTargetDependency */ = {
			isa = PBXTargetDependency;
			target = CD0B982E1E4C59B000D3E247 /* YeeNewsChannel */;
			targetProxy = CD0B98491E4C59B000D3E247 /* PBXContainerItemProxy */;
		};
		CD0B98551E4C59B000D3E247 /* PBXTargetDependency */ = {
			isa = PBXTargetDependency;
			target = CD0B982E1E4C59B000D3E247 /* YeeNewsChannel */;
			targetProxy = CD0B98541E4C59B000D3E247 /* PBXContainerItemProxy */;
		};
/* End PBXTargetDependency section */

/* Begin XCBuildConfiguration section */
		CD0B985A1E4C59B000D3E247 /* Debug */ = {
			isa = XCBuildConfiguration;
			buildSettings = {
				ALWAYS_SEARCH_USER_PATHS = NO;
				CLANG_ANALYZER_NONNULL = YES;
				CLANG_CXX_LANGUAGE_STANDARD = "gnu++0x";
				CLANG_CXX_LIBRARY = "libc++";
				CLANG_ENABLE_MODULES = YES;
				CLANG_ENABLE_OBJC_ARC = YES;
				CLANG_WARN_BOOL_CONVERSION = YES;
				CLANG_WARN_CONSTANT_CONVERSION = YES;
				CLANG_WARN_DIRECT_OBJC_ISA_USAGE = YES_ERROR;
				CLANG_WARN_DOCUMENTATION_COMMENTS = YES;
				CLANG_WARN_EMPTY_BODY = YES;
				CLANG_WARN_ENUM_CONVERSION = YES;
				CLANG_WARN_INFINITE_RECURSION = YES;
				CLANG_WARN_INT_CONVERSION = YES;
				CLANG_WARN_OBJC_ROOT_CLASS = YES_ERROR;
				CLANG_WARN_SUSPICIOUS_MOVE = YES;
				CLANG_WARN_UNREACHABLE_CODE = YES;
				CLANG_WARN__DUPLICATE_METHOD_MATCH = YES;
				"CODE_SIGN_IDENTITY[sdk=iphoneos*]" = "iPhone Developer";
				COPY_PHASE_STRIP = NO;
				DEBUG_INFORMATION_FORMAT = dwarf;
				ENABLE_STRICT_OBJC_MSGSEND = YES;
				ENABLE_TESTABILITY = YES;
				GCC_C_LANGUAGE_STANDARD = gnu99;
				GCC_DYNAMIC_NO_PIC = NO;
				GCC_NO_COMMON_BLOCKS = YES;
				GCC_OPTIMIZATION_LEVEL = 0;
				GCC_PREPROCESSOR_DEFINITIONS = (
					"DEBUG=1",
					"$(inherited)",
				);
				GCC_WARN_64_TO_32_BIT_CONVERSION = YES;
				GCC_WARN_ABOUT_RETURN_TYPE = YES_ERROR;
				GCC_WARN_UNDECLARED_SELECTOR = YES;
				GCC_WARN_UNINITIALIZED_AUTOS = YES_AGGRESSIVE;
				GCC_WARN_UNUSED_FUNCTION = YES;
				GCC_WARN_UNUSED_VARIABLE = YES;
				IPHONEOS_DEPLOYMENT_TARGET = 10.2;
				MTL_ENABLE_DEBUG_INFO = YES;
				ONLY_ACTIVE_ARCH = YES;
				SDKROOT = iphoneos;
			};
			name = Debug;
		};
		CD0B985B1E4C59B000D3E247 /* Release */ = {
			isa = XCBuildConfiguration;
			buildSettings = {
				ALWAYS_SEARCH_USER_PATHS = NO;
				CLANG_ANALYZER_NONNULL = YES;
				CLANG_CXX_LANGUAGE_STANDARD = "gnu++0x";
				CLANG_CXX_LIBRARY = "libc++";
				CLANG_ENABLE_MODULES = YES;
				CLANG_ENABLE_OBJC_ARC = YES;
				CLANG_WARN_BOOL_CONVERSION = YES;
				CLANG_WARN_CONSTANT_CONVERSION = YES;
				CLANG_WARN_DIRECT_OBJC_ISA_USAGE = YES_ERROR;
				CLANG_WARN_DOCUMENTATION_COMMENTS = YES;
				CLANG_WARN_EMPTY_BODY = YES;
				CLANG_WARN_ENUM_CONVERSION = YES;
				CLANG_WARN_INFINITE_RECURSION = YES;
				CLANG_WARN_INT_CONVERSION = YES;
				CLANG_WARN_OBJC_ROOT_CLASS = YES_ERROR;
				CLANG_WARN_SUSPICIOUS_MOVE = YES;
				CLANG_WARN_UNREACHABLE_CODE = YES;
				CLANG_WARN__DUPLICATE_METHOD_MATCH = YES;
				"CODE_SIGN_IDENTITY[sdk=iphoneos*]" = "iPhone Developer";
				COPY_PHASE_STRIP = NO;
				DEBUG_INFORMATION_FORMAT = "dwarf-with-dsym";
				ENABLE_NS_ASSERTIONS = NO;
				ENABLE_STRICT_OBJC_MSGSEND = YES;
				GCC_C_LANGUAGE_STANDARD = gnu99;
				GCC_NO_COMMON_BLOCKS = YES;
				GCC_WARN_64_TO_32_BIT_CONVERSION = YES;
				GCC_WARN_ABOUT_RETURN_TYPE = YES_ERROR;
				GCC_WARN_UNDECLARED_SELECTOR = YES;
				GCC_WARN_UNINITIALIZED_AUTOS = YES_AGGRESSIVE;
				GCC_WARN_UNUSED_FUNCTION = YES;
				GCC_WARN_UNUSED_VARIABLE = YES;
				IPHONEOS_DEPLOYMENT_TARGET = 10.2;
				MTL_ENABLE_DEBUG_INFO = NO;
				SDKROOT = iphoneos;
				VALIDATE_PRODUCT = YES;
			};
			name = Release;
		};
		CD0B985D1E4C59B000D3E247 /* Debug */ = {
			isa = XCBuildConfiguration;
			baseConfigurationReference = 986FE33C7882611DD90ABD7D /* Pods-YeeNewsChannel.debug.xcconfig */;
			buildSettings = {
				ASSETCATALOG_COMPILER_APPICON_NAME = AppIcon;
				ASSETCATALOG_COMPILER_LAUNCHIMAGE_NAME = LaunchImage;
				DEVELOPMENT_TEAM = 34TTMZE623;
				GCC_PREFIX_HEADER = "$(SRCROOT)/YeeNewsChannel/PrefixHeader.pch";
				INFOPLIST_FILE = YeeNewsChannel/Info.plist;
				IPHONEOS_DEPLOYMENT_TARGET = 8.0;
				LD_RUNPATH_SEARCH_PATHS = "$(inherited) @executable_path/Frameworks";
				PRODUCT_BUNDLE_IDENTIFIER = CoderYee.YeeNewsChannel;
				PRODUCT_NAME = "$(TARGET_NAME)";
			};
			name = Debug;
		};
		CD0B985E1E4C59B000D3E247 /* Release */ = {
			isa = XCBuildConfiguration;
			baseConfigurationReference = 438A3FDBBB95E849D5890982 /* Pods-YeeNewsChannel.release.xcconfig */;
			buildSettings = {
				ASSETCATALOG_COMPILER_APPICON_NAME = AppIcon;
				ASSETCATALOG_COMPILER_LAUNCHIMAGE_NAME = LaunchImage;
				DEVELOPMENT_TEAM = 34TTMZE623;
				GCC_PREFIX_HEADER = "$(SRCROOT)/YeeNewsChannel/PrefixHeader.pch";
				INFOPLIST_FILE = YeeNewsChannel/Info.plist;
				IPHONEOS_DEPLOYMENT_TARGET = 8.0;
				LD_RUNPATH_SEARCH_PATHS = "$(inherited) @executable_path/Frameworks";
				PRODUCT_BUNDLE_IDENTIFIER = CoderYee.YeeNewsChannel;
				PRODUCT_NAME = "$(TARGET_NAME)";
			};
			name = Release;
		};
		CD0B98601E4C59B000D3E247 /* Debug */ = {
			isa = XCBuildConfiguration;
			buildSettings = {
				BUNDLE_LOADER = "$(TEST_HOST)";
				DEVELOPMENT_TEAM = 34TTMZE623;
				INFOPLIST_FILE = YeeNewsChannelTests/Info.plist;
				LD_RUNPATH_SEARCH_PATHS = "$(inherited) @executable_path/Frameworks @loader_path/Frameworks";
				PRODUCT_BUNDLE_IDENTIFIER = CoderYee.YeeNewsChannelTests;
				PRODUCT_NAME = "$(TARGET_NAME)";
				TEST_HOST = "$(BUILT_PRODUCTS_DIR)/YeeNewsChannel.app/YeeNewsChannel";
			};
			name = Debug;
		};
		CD0B98611E4C59B000D3E247 /* Release */ = {
			isa = XCBuildConfiguration;
			buildSettings = {
				BUNDLE_LOADER = "$(TEST_HOST)";
				DEVELOPMENT_TEAM = 34TTMZE623;
				INFOPLIST_FILE = YeeNewsChannelTests/Info.plist;
				LD_RUNPATH_SEARCH_PATHS = "$(inherited) @executable_path/Frameworks @loader_path/Frameworks";
				PRODUCT_BUNDLE_IDENTIFIER = CoderYee.YeeNewsChannelTests;
				PRODUCT_NAME = "$(TARGET_NAME)";
				TEST_HOST = "$(BUILT_PRODUCTS_DIR)/YeeNewsChannel.app/YeeNewsChannel";
			};
			name = Release;
		};
		CD0B98631E4C59B000D3E247 /* Debug */ = {
			isa = XCBuildConfiguration;
			buildSettings = {
				DEVELOPMENT_TEAM = 34TTMZE623;
				INFOPLIST_FILE = YeeNewsChannelUITests/Info.plist;
				LD_RUNPATH_SEARCH_PATHS = "$(inherited) @executable_path/Frameworks @loader_path/Frameworks";
				PRODUCT_BUNDLE_IDENTIFIER = CoderYee.YeeNewsChannelUITests;
				PRODUCT_NAME = "$(TARGET_NAME)";
				TEST_TARGET_NAME = YeeNewsChannel;
			};
			name = Debug;
		};
		CD0B98641E4C59B000D3E247 /* Release */ = {
			isa = XCBuildConfiguration;
			buildSettings = {
				DEVELOPMENT_TEAM = 34TTMZE623;
				INFOPLIST_FILE = YeeNewsChannelUITests/Info.plist;
				LD_RUNPATH_SEARCH_PATHS = "$(inherited) @executable_path/Frameworks @loader_path/Frameworks";
				PRODUCT_BUNDLE_IDENTIFIER = CoderYee.YeeNewsChannelUITests;
				PRODUCT_NAME = "$(TARGET_NAME)";
				TEST_TARGET_NAME = YeeNewsChannel;
			};
			name = Release;
		};
/* End XCBuildConfiguration section */

/* Begin XCConfigurationList section */
		CD0B982A1E4C59B000D3E247 /* Build configuration list for PBXProject "YeeNewsChannel" */ = {
			isa = XCConfigurationList;
			buildConfigurations = (
				CD0B985A1E4C59B000D3E247 /* Debug */,
				CD0B985B1E4C59B000D3E247 /* Release */,
			);
			defaultConfigurationIsVisible = 0;
			defaultConfigurationName = Release;
		};
		CD0B985C1E4C59B000D3E247 /* Build configuration list for PBXNativeTarget "YeeNewsChannel" */ = {
			isa = XCConfigurationList;
			buildConfigurations = (
				CD0B985D1E4C59B000D3E247 /* Debug */,
				CD0B985E1E4C59B000D3E247 /* Release */,
			);
			defaultConfigurationIsVisible = 0;
			defaultConfigurationName = Release;
		};
		CD0B985F1E4C59B000D3E247 /* Build configuration list for PBXNativeTarget "YeeNewsChannelTests" */ = {
			isa = XCConfigurationList;
			buildConfigurations = (
				CD0B98601E4C59B000D3E247 /* Debug */,
				CD0B98611E4C59B000D3E247 /* Release */,
			);
			defaultConfigurationIsVisible = 0;
			defaultConfigurationName = Release;
		};
		CD0B98621E4C59B000D3E247 /* Build configuration list for PBXNativeTarget "YeeNewsChannelUITests" */ = {
			isa = XCConfigurationList;
			buildConfigurations = (
				CD0B98631E4C59B000D3E247 /* Debug */,
				CD0B98641E4C59B000D3E247 /* Release */,
			);
			defaultConfigurationIsVisible = 0;
			defaultConfigurationName = Release;
		};
/* End XCConfigurationList section */
	};
	rootObject = CD0B98271E4C59B000D3E247 /* Project object */;
}
